
Microsoft Visual Studio Solution File, Format Version 12.00
# Visual Studio Version 17
VisualStudioVersion = 17.4.33213.308
MinimumVisualStudioVersion = 10.0.40219.1
Project("{FAE04EC0-301F-11D3-BF4B-00C04F79EFBC}") = "http_server_sample", "http_server_sample\http_server_sample.csproj", "{C43852D8-5272-4A56-AD64-66E0B3B1130D}"
EndProject
Project("{FAE04EC0-301F-11D3-BF4B-00C04F79EFBC}") = "http_cliant", "http_cliant\http_cliant.csproj", "{871B3A89-DB24-4FF2-8E78-6024D6B41978}"
EndProject
Global
	GlobalSection(SolutionConfigurationPlatforms) = preSolution
		Debug|Any CPU = Debug|Any CPU
		Release|Any CPU = Release|Any CPU
	EndGlobalSection
	GlobalSection(ProjectConfigurationPlatforms) = postSolution
		{C43852D8-5272-4A56-AD64-66E0B3B1130D}.Debug|Any CPU.ActiveCfg = Debug|Any CPU
		{C43852D8-5272-4A56-AD64-66E0B3B1130D}.Debug|Any CPU.Build.0 = Debug|Any CPU
		{C43852D8-5272-4A56-AD64-66E0B3B1130D}.Release|Any CPU.ActiveCfg = Release|Any CPU
		{C43852D8-5272-4A56-AD64-66E0B3B1130D}.Release|Any CPU.Build.0 = Release|Any CPU
		{871B3A89-DB24-4FF2-8E78-6024D6B41978}.Debug|Any CPU.ActiveCfg = Debug|Any CPU
		{871B3A89-DB24-4FF2-8E78-6024D6B41978}.Debug|Any CPU.Build.0 = Debug|Any CPU
		{871B3A89-DB24-4FF2-8E78-6024D6B41978}.Release|Any CPU.ActiveCfg = Release|Any CPU
		{871B3A89-DB24-4FF2-8E78-6024D6B41978}.Release|Any CPU.Build.0 = Release|Any CPU
	EndGlobalSection
	GlobalSection(SolutionProperties) = preSolution
		HideSolutionNode = FALSE
	EndGlobalSection
	GlobalSection(ExtensibilityGlobals) = postSolution
		SolutionGuid = {F3C1D255-F8D3-4C5E-9807-DA51E7FBE63A}
	EndGlobalSection
EndGlobal
